{
  "name": "geo-api",
  "version": "1.0.0",
  "lockfileVersion": 2,
  "requires": true,
  "packages": {
    "": {
      "name": "geo-api",
      "version": "1.0.0",
      "license": "MIT",
      "dependencies": {
        "bluebird": "^3.5.1",
        "maxmind": "^2.12.0"
      },
      "devDependencies": {
        "serverless-plugin-warmup": "^6.2.0"
      }
    },
    "node_modules/big-integer": {
      "version": "1.6.51",
      "resolved": "https://registry.npmjs.org/big-integer/-/big-integer-1.6.51.tgz",
      "integrity": "sha512-GPEid2Y9QU1Exl1rpO9B2IPJGHPSupF5GnVIP0blYvNOMer2bTvSWs1jGOUg04hTmu67nmLsQ9TBo1puaotBHg==",
      "engines": {
        "node": ">=0.6"
      }
    },
    "node_modules/bluebird": {
      "version": "3.7.2",
      "resolved": "https://registry.npmjs.org/bluebird/-/bluebird-3.7.2.tgz",
      "integrity": "sha512-XpNj6GDQzdfW+r2Wnn7xiSAd7TM3jzkxGXBGTtWKuSXv1xUV+azxAm8jdWZN06QTQk+2N2XB9jRDkvbmQmcRtg=="
    },
    "node_modules/maxmind": {
      "version": "2.12.0",
      "resolved": "https://registry.npmjs.org/maxmind/-/maxmind-2.12.0.tgz",
      "integrity": "sha512-gnLdeLg0GFYlrtPt2122RYrRUy8OWxrhYEDCORaUkr6AvKXnLfnNpsFmWUOBYkvZK17XX4NeuMwnjIQM9EcxTw==",
      "dependencies": {
        "big-integer": "^1.6.31",
        "tiny-lru": "^6.0.0"
      },
      "engines": {
        "node": ">=4.8",
        "npm": ">=1"
      }
    },
    "node_modules/serverless-plugin-warmup": {
      "version": "6.2.0",
      "resolved": "https://registry.npmjs.org/serverless-plugin-warmup/-/serverless-plugin-warmup-6.2.0.tgz",
      "integrity": "sha512-IfF5F+IKbsc+jl/RBTo5TeQQXgn7dqXdz28FqqfkH0+agqfYaTS43hLUE/IOzdqZQluVnyH2/RUrK15cJK6kwg==",
      "dev": true
    },
    "node_modules/tiny-lru": {
      "version": "6.1.0",
      "resolved": "https://registry.npmjs.org/tiny-lru/-/tiny-lru-6.1.0.tgz",
      "integrity": "sha512-lbz53M11ioFDKxPUBR2UVK7a8JolPZpSkzL0iXW60fpvU98P9+VqWQ7bGGJpGjqnIlILQzl9r+fikhqbcOs7bg==",
      "engines": {
        "node": ">=6"
      }
    }
  },
  "dependencies": {
    "big-integer": {
      "version": "1.6.51",
      "resolved": "https://registry.npmjs.org/big-integer/-/big-integer-1.6.51.tgz",
      "integrity": "sha512-GPEid2Y9QU1Exl1rpO9B2IPJGHPSupF5GnVIP0blYvNOMer2bTvSWs1jGOUg04hTmu67nmLsQ9TBo1puaotBHg=="
    },
    "bluebird": {
      "version": "3.7.2",
      "resolved": "https://registry.npmjs.org/bluebird/-/bluebird-3.7.2.tgz",
      "integrity": "sha512-XpNj6GDQzdfW+r2Wnn7xiSAd7TM3jzkxGXBGTtWKuSXv1xUV+azxAm8jdWZN06QTQk+2N2XB9jRDkvbmQmcRtg=="
    },
    "maxmind": {
      "version": "2.12.0",
      "resolved": "https://registry.npmjs.org/maxmind/-/maxmind-2.12.0.tgz",
      "integrity": "sha512-gnLdeLg0GFYlrtPt2122RYrRUy8OWxrhYEDCORaUkr6AvKXnLfnNpsFmWUOBYkvZK17XX4NeuMwnjIQM9EcxTw==",
      "requires": {
        "big-integer": "^1.6.31",
        "tiny-lru": "^6.0.0"
      }
    },
    "serverless-plugin-warmup": {
      "version": "6.2.0",
      "resolved": "https://registry.npmjs.org/serverless-plugin-warmup/-/serverless-plugin-warmup-6.2.0.tgz",
      "integrity": "sha512-IfF5F+IKbsc+jl/RBTo5TeQQXgn7dqXdz28FqqfkH0+agqfYaTS43hLUE/IOzdqZQluVnyH2/RUrK15cJK6kwg==",
      "dev": true
    },
    "tiny-lru": {
      "version": "6.1.0",
      "resolved": "https://registry.npmjs.org/tiny-lru/-/tiny-lru-6.1.0.tgz",
      "integrity": "sha512-lbz53M11ioFDKxPUBR2UVK7a8JolPZpSkzL0iXW60fpvU98P9+VqWQ7bGGJpGjqnIlILQzl9r+fikhqbcOs7bg=="
    }
  }
}
