# THIS IS AN AUTOGENERATED FILE. DO NOT EDIT THIS FILE DIRECTLY.
# yarn lockfile v1


"big-integer@^1.6.31":
  "integrity" "sha512-GPEid2Y9QU1Exl1rpO9B2IPJGHPSupF5GnVIP0blYvNOMer2bTvSWs1jGOUg04hTmu67nmLsQ9TBo1puaotBHg=="
  "resolved" "https://registry.npmjs.org/big-integer/-/big-integer-1.6.51.tgz"
  "version" "1.6.51"

"bluebird@^3.5.1":
  "integrity" "sha512-XpNj6GDQzdfW+r2Wnn7xiSAd7TM3jzkxGXBGTtWKuSXv1xUV+azxAm8jdWZN06QTQk+2N2XB9jRDkvbmQmcRtg=="
  "resolved" "https://registry.npmjs.org/bluebird/-/bluebird-3.7.2.tgz"
  "version" "3.7.2"

"maxmind@^2.12.0":
  "integrity" "sha512-gnLdeLg0GFYlrtPt2122RYrRUy8OWxrhYEDCORaUkr6AvKXnLfnNpsFmWUOBYkvZK17XX4NeuMwnjIQM9EcxTw=="
  "resolved" "https://registry.npmjs.org/maxmind/-/maxmind-2.12.0.tgz"
  "version" "2.12.0"
  dependencies:
    "big-integer" "^1.6.31"
    "tiny-lru" "^6.0.0"

"serverless-plugin-warmup@^6.2.0":
  "integrity" "sha512-IfF5F+IKbsc+jl/RBTo5TeQQXgn7dqXdz28FqqfkH0+agqfYaTS43hLUE/IOzdqZQluVnyH2/RUrK15cJK6kwg=="
  "resolved" "https://registry.npmjs.org/serverless-plugin-warmup/-/serverless-plugin-warmup-6.2.0.tgz"
  "version" "6.2.0"

"tiny-lru@^6.0.0":
  "integrity" "sha512-lbz53M11ioFDKxPUBR2UVK7a8JolPZpSkzL0iXW60fpvU98P9+VqWQ7bGGJpGjqnIlILQzl9r+fikhqbcOs7bg=="
  "resolved" "https://registry.npmjs.org/tiny-lru/-/tiny-lru-6.1.0.tgz"
  "version" "6.1.0"
